
Microsoft Visual Studio Solution File, Format Version 12.00
# Visual Studio Version 17
VisualStudioVersion = 17.11.35222.181
MinimumVisualStudioVersion = 10.0.40219.1
Project("{FAE04EC0-301F-11D3-BF4B-00C04F79EFBC}") = "DigitalLibrary.WebApi", "DigitalLibrary.WebApi\DigitalLibrary.WebApi.csproj", "{2404F34B-8759-4AED-AAFD-D6C41A014CA5}"
EndProject
Global
	GlobalSection(SolutionConfigurationPlatforms) = preSolution
		Debug|Any CPU = Debug|Any CPU
		Release|Any CPU = Release|Any CPU
	EndGlobalSection
	GlobalSection(ProjectConfigurationPlatforms) = postSolution
		{2404F34B-8759-4AED-AAFD-D6C41A014CA5}.Debug|Any CPU.ActiveCfg = Debug|Any CPU
		{2404F34B-8759-4AED-AAFD-D6C41A014CA5}.Debug|Any CPU.Build.0 = Debug|Any CPU
		{2404F34B-8759-4AED-AAFD-D6C41A014CA5}.Release|Any CPU.ActiveCfg = Release|Any CPU
		{2404F34B-8759-4AED-AAFD-D6C41A014CA5}.Release|Any CPU.Build.0 = Release|Any CPU
	EndGlobalSection
	GlobalSection(SolutionProperties) = preSolution
		HideSolutionNode = FALSE
	EndGlobalSection
	GlobalSection(ExtensibilityGlobals) = postSolution
		SolutionGuid = {463C2516-7A8D-49FA-9F61-1359FCC03080}
	EndGlobalSection
EndGlobal
